
Microsoft Visual Studio Solution File, Format Version 12.00
# Visual Studio 15
VisualStudioVersion = 15.0.26430.12
MinimumVisualStudioVersion = 10.0.40219.1
Project("{FAE04EC0-301F-11D3-BF4B-00C04F79EFBC}") = "Ajax_Newtest", "Ajax_Newtest\Ajax_Newtest.csproj", "{9523E193-D86B-419F-B150-B20E08277A39}"
EndProject
Project("{FAE04EC0-301F-11D3-BF4B-00C04F79EFBC}") = "GetMealTicketDB", "ClassLibrary1\GetMealTicketDB.csproj", "{D6B9A402-69DA-440F-A616-FDB056A746AF}"
EndProject
Project("{FAE04EC0-301F-11D3-BF4B-00C04F79EFBC}") = "DBUtility", "DBUtility\DBUtility.csproj", "{EDD22305-877E-43DE-A2CA-C63317950439}"
EndProject
Global
	GlobalSection(SolutionConfigurationPlatforms) = preSolution
		Debug|Any CPU = Debug|Any CPU
		Release|Any CPU = Release|Any CPU
	EndGlobalSection
	GlobalSection(ProjectConfigurationPlatforms) = postSolution
		{9523E193-D86B-419F-B150-B20E08277A39}.Debug|Any CPU.ActiveCfg = Debug|Any CPU
		{9523E193-D86B-419F-B150-B20E08277A39}.Debug|Any CPU.Build.0 = Debug|Any CPU
		{9523E193-D86B-419F-B150-B20E08277A39}.Release|Any CPU.ActiveCfg = Release|Any CPU
		{9523E193-D86B-419F-B150-B20E08277A39}.Release|Any CPU.Build.0 = Release|Any CPU
		{D6B9A402-69DA-440F-A616-FDB056A746AF}.Debug|Any CPU.ActiveCfg = Debug|Any CPU
		{D6B9A402-69DA-440F-A616-FDB056A746AF}.Debug|Any CPU.Build.0 = Debug|Any CPU
		{D6B9A402-69DA-440F-A616-FDB056A746AF}.Release|Any CPU.ActiveCfg = Release|Any CPU
		{D6B9A402-69DA-440F-A616-FDB056A746AF}.Release|Any CPU.Build.0 = Release|Any CPU
		{EDD22305-877E-43DE-A2CA-C63317950439}.Debug|Any CPU.ActiveCfg = Debug|Any CPU
		{EDD22305-877E-43DE-A2CA-C63317950439}.Debug|Any CPU.Build.0 = Debug|Any CPU
		{EDD22305-877E-43DE-A2CA-C63317950439}.Release|Any CPU.ActiveCfg = Release|Any CPU
		{EDD22305-877E-43DE-A2CA-C63317950439}.Release|Any CPU.Build.0 = Release|Any CPU
	EndGlobalSection
	GlobalSection(SolutionProperties) = preSolution
		HideSolutionNode = FALSE
	EndGlobalSection
EndGlobal
